
Microsoft Visual Studio Solution File, Format Version 12.00
# Visual Studio Version 16
VisualStudioVersion = 16.0.31702.278
MinimumVisualStudioVersion = 10.0.40219.1
Project("{FAE04EC0-301F-11D3-BF4B-00C04F79EFBC}") = "Seminar2", "Seminar2\Seminar2.csproj", "{D96E3104-FA96-44CA-9BD7-1BC4782B60B9}"
EndProject
Global
	GlobalSection(SolutionConfigurationPlatforms) = preSolution
		Debug|Any CPU = Debug|Any CPU
		Release|Any CPU = Release|Any CPU
	EndGlobalSection
	GlobalSection(ProjectConfigurationPlatforms) = postSolution
		{D96E3104-FA96-44CA-9BD7-1BC4782B60B9}.Debug|Any CPU.ActiveCfg = Debug|Any CPU
		{D96E3104-FA96-44CA-9BD7-1BC4782B60B9}.Debug|Any CPU.Build.0 = Debug|Any CPU
		{D96E3104-FA96-44CA-9BD7-1BC4782B60B9}.Release|Any CPU.ActiveCfg = Release|Any CPU
		{D96E3104-FA96-44CA-9BD7-1BC4782B60B9}.Release|Any CPU.Build.0 = Release|Any CPU
	EndGlobalSection
	GlobalSection(SolutionProperties) = preSolution
		HideSolutionNode = FALSE
	EndGlobalSection
	GlobalSection(ExtensibilityGlobals) = postSolution
		SolutionGuid = {D209D6A7-3336-4D23-B179-815CAC6FA832}
	EndGlobalSection
EndGlobal
